// !$*UTF8*$!
{
	archiveVersion = 1;
	classes = {
	};
	objectVersion = 46;
	objects = {

/* Begin PBXBuildFile section */
		4104B8D21AAF94AD004C7537 /* AppDelegate.swift in Sources */ = {isa = PBXBuildFile; fileRef = 4104B8D11AAF94AD004C7537 /* AppDelegate.swift */; };
		4104B8D41AAF94AD004C7537 /* MainViewController.swift in Sources */ = {isa = PBXBuildFile; fileRef = 4104B8D31AAF94AD004C7537 /* MainViewController.swift */; };
		4104B8D71AAF94AD004C7537 /* Main.storyboard in Resources */ = {isa = PBXBuildFile; fileRef = 4104B8D51AAF94AD004C7537 /* Main.storyboard */; };
		4104B8D91AAF94AD004C7537 /* Images.xcassets in Resources */ = {isa = PBXBuildFile; fileRef = 4104B8D81AAF94AD004C7537 /* Images.xcassets */; };
		4104B8DC1AAF94AD004C7537 /* LaunchScreen.xib in Resources */ = {isa = PBXBuildFile; fileRef = 4104B8DA1AAF94AD004C7537 /* LaunchScreen.xib */; };
		4104B8E81AAF94AD004C7537 /* AlgoTests.swift in Sources */ = {isa = PBXBuildFile; fileRef = 4104B8E71AAF94AD004C7537 /* AlgoTests.swift */; };
		4104B8F21AAF9504004C7537 /* ContainerView.swift in Sources */ = {isa = PBXBuildFile; fileRef = 4104B8F11AAF9504004C7537 /* ContainerView.swift */; };
		4112BDF31AB0E76E0097B888 /* CircleView.swift in Sources */ = {isa = PBXBuildFile; fileRef = 4112BDF21AB0E76E0097B888 /* CircleView.swift */; };
		413A30DC1AC94FF9006CF805 /* CollectionViewCell.swift in Sources */ = {isa = PBXBuildFile; fileRef = 413A30DB1AC94FF9006CF805 /* CollectionViewCell.swift */; };
		4153BDB11BA97621001B908A /* CollectionFooter.swift in Sources */ = {isa = PBXBuildFile; fileRef = 4153BDB01BA97621001B908A /* CollectionFooter.swift */; settings = {ASSET_TAGS = (); }; };
		4158FAAD1B273CA3003B98C5 /* Algo_UI_Tests.swift in Sources */ = {isa = PBXBuildFile; fileRef = 4158FAAC1B273CA3003B98C5 /* Algo_UI_Tests.swift */; };
		415D032C1ABC2B95005812DB /* CircleAnimator.swift in Sources */ = {isa = PBXBuildFile; fileRef = 415D032B1ABC2B95005812DB /* CircleAnimator.swift */; };
		417C8F2C1B26EB200074ED4E /* Sort.swift in Sources */ = {isa = PBXBuildFile; fileRef = 41F81E611AB8D5B40032729A /* Sort.swift */; };
		41F401811AC56A7A009AFDDC /* PlayPauseButton.swift in Sources */ = {isa = PBXBuildFile; fileRef = 41F401801AC56A7A009AFDDC /* PlayPauseButton.swift */; };
		41F81E621AB8D5B40032729A /* Sort.swift in Sources */ = {isa = PBXBuildFile; fileRef = 41F81E611AB8D5B40032729A /* Sort.swift */; };
/* End PBXBuildFile section */

/* Begin PBXContainerItemProxy section */
		4104B8E21AAF94AD004C7537 /* PBXContainerItemProxy */ = {
			isa = PBXContainerItemProxy;
			containerPortal = 4104B8C41AAF94AD004C7537 /* Project object */;
			proxyType = 1;
			remoteGlobalIDString = 4104B8CB1AAF94AD004C7537;
			remoteInfo = Algo;
		};
		4158FAAF1B273CA3003B98C5 /* PBXContainerItemProxy */ = {
			isa = PBXContainerItemProxy;
			containerPortal = 4104B8C41AAF94AD004C7537 /* Project object */;
			proxyType = 1;
			remoteGlobalIDString = 4104B8CB1AAF94AD004C7537;
			remoteInfo = Algo;
		};
/* End PBXContainerItemProxy section */

/* Begin PBXFileReference section */
		4104B8CC1AAF94AD004C7537 /* Algo.app */ = {isa = PBXFileReference; explicitFileType = wrapper.application; includeInIndex = 0; path = Algo.app; sourceTree = BUILT_PRODUCTS_DIR; };
		4104B8D01AAF94AD004C7537 /* Info.plist */ = {isa = PBXFileReference; lastKnownFileType = text.plist.xml; path = Info.plist; sourceTree = "<group>"; };
		4104B8D11AAF94AD004C7537 /* AppDelegate.swift */ = {isa = PBXFileReference; lastKnownFileType = sourcecode.swift; path = AppDelegate.swift; sourceTree = "<group>"; };
		4104B8D31AAF94AD004C7537 /* MainViewController.swift */ = {isa = PBXFileReference; lastKnownFileType = sourcecode.swift; path = MainViewController.swift; sourceTree = "<group>"; };
		4104B8D61AAF94AD004C7537 /* Base */ = {isa = PBXFileReference; lastKnownFileType = file.storyboard; name = Base; path = Base.lproj/Main.storyboard; sourceTree = "<group>"; };
		4104B8D81AAF94AD004C7537 /* Images.xcassets */ = {isa = PBXFileReference; lastKnownFileType = folder.assetcatalog; path = Images.xcassets; sourceTree = "<group>"; };
		4104B8DB1AAF94AD004C7537 /* Base */ = {isa = PBXFileReference; lastKnownFileType = file.xib; name = Base; path = Base.lproj/LaunchScreen.xib; sourceTree = "<group>"; };
		4104B8E11AAF94AD004C7537 /* AlgoTests.xctest */ = {isa = PBXFileReference; explicitFileType = wrapper.cfbundle; includeInIndex = 0; path = AlgoTests.xctest; sourceTree = BUILT_PRODUCTS_DIR; };
		4104B8E61AAF94AD004C7537 /* Info.plist */ = {isa = PBXFileReference; lastKnownFileType = text.plist.xml; path = Info.plist; sourceTree = "<group>"; };
		4104B8E71AAF94AD004C7537 /* AlgoTests.swift */ = {isa = PBXFileReference; lastKnownFileType = sourcecode.swift; path = AlgoTests.swift; sourceTree = "<group>"; };
		4104B8F11AAF9504004C7537 /* ContainerView.swift */ = {isa = PBXFileReference; fileEncoding = 4; lastKnownFileType = sourcecode.swift; path = ContainerView.swift; sourceTree = "<group>"; };
		4112BDF21AB0E76E0097B888 /* CircleView.swift */ = {isa = PBXFileReference; fileEncoding = 4; lastKnownFileType = sourcecode.swift; path = CircleView.swift; sourceTree = "<group>"; };
		413A30DB1AC94FF9006CF805 /* CollectionViewCell.swift */ = {isa = PBXFileReference; fileEncoding = 4; lastKnownFileType = sourcecode.swift; path = CollectionViewCell.swift; sourceTree = "<group>"; };
		4153BDB01BA97621001B908A /* CollectionFooter.swift */ = {isa = PBXFileReference; fileEncoding = 4; lastKnownFileType = sourcecode.swift; path = CollectionFooter.swift; sourceTree = "<group>"; };
		4158FAAA1B273CA3003B98C5 /* Algo UI Tests.xctest */ = {isa = PBXFileReference; explicitFileType = wrapper.cfbundle; includeInIndex = 0; path = "Algo UI Tests.xctest"; sourceTree = BUILT_PRODUCTS_DIR; };
		4158FAAC1B273CA3003B98C5 /* Algo_UI_Tests.swift */ = {isa = PBXFileReference; lastKnownFileType = sourcecode.swift; path = Algo_UI_Tests.swift; sourceTree = "<group>"; };
		4158FAAE1B273CA3003B98C5 /* Info.plist */ = {isa = PBXFileReference; lastKnownFileType = text.plist.xml; path = Info.plist; sourceTree = "<group>"; };
		415D032B1ABC2B95005812DB /* CircleAnimator.swift */ = {isa = PBXFileReference; fileEncoding = 4; lastKnownFileType = sourcecode.swift; path = CircleAnimator.swift; sourceTree = "<group>"; };
		41F401801AC56A7A009AFDDC /* PlayPauseButton.swift */ = {isa = PBXFileReference; fileEncoding = 4; lastKnownFileType = sourcecode.swift; path = PlayPauseButton.swift; sourceTree = "<group>"; };
		41F81E611AB8D5B40032729A /* Sort.swift */ = {isa = PBXFileReference; fileEncoding = 4; lastKnownFileType = sourcecode.swift; path = Sort.swift; sourceTree = "<group>"; };
/* End PBXFileReference section */

/* Begin PBXFrameworksBuildPhase section */
		4104B8C91AAF94AD004C7537 /* Frameworks */ = {
			isa = PBXFrameworksBuildPhase;
			buildActionMask = 2147483647;
			files = (
			);
			runOnlyForDeploymentPostprocessing = 0;
		};
		4104B8DE1AAF94AD004C7537 /* Frameworks */ = {
			isa = PBXFrameworksBuildPhase;
			buildActionMask = 2147483647;
			files = (
			);
			runOnlyForDeploymentPostprocessing = 0;
		};
		4158FAA71B273CA3003B98C5 /* Frameworks */ = {
			isa = PBXFrameworksBuildPhase;
			buildActionMask = 2147483647;
			files = (
			);
			runOnlyForDeploymentPostprocessing = 0;
		};
/* End PBXFrameworksBuildPhase section */

/* Begin PBXGroup section */
		4104B8C31AAF94AD004C7537 = {
			isa = PBXGroup;
			children = (
				4104B8CE1AAF94AD004C7537 /* Algo */,
				4104B8E41AAF94AD004C7537 /* AlgoTests */,
				4158FAAB1B273CA3003B98C5 /* Algo UI Tests */,
				4104B8CD1AAF94AD004C7537 /* Products */,
			);
			sourceTree = "<group>";
		};
		4104B8CD1AAF94AD004C7537 /* Products */ = {
			isa = PBXGroup;
			children = (
				4104B8CC1AAF94AD004C7537 /* Algo.app */,
				4104B8E11AAF94AD004C7537 /* AlgoTests.xctest */,
				4158FAAA1B273CA3003B98C5 /* Algo UI Tests.xctest */,
			);
			name = Products;
			sourceTree = "<group>";
		};
		4104B8CE1AAF94AD004C7537 /* Algo */ = {
			isa = PBXGroup;
			children = (
				413F7F9D1AC4BD0100625C2A /* Helpers */,
				413F7F9C1AC4BCF600625C2A /* Views */,
				416E884B1AC457210072F099 /* ViewControllers */,
				4104B8D11AAF94AD004C7537 /* AppDelegate.swift */,
				413F7F9E1AC4BD0C00625C2A /* Storyboads */,
				4104B8D81AAF94AD004C7537 /* Images.xcassets */,
				4104B8CF1AAF94AD004C7537 /* Supporting Files */,
			);
			path = Algo;
			sourceTree = "<group>";
		};
		4104B8CF1AAF94AD004C7537 /* Supporting Files */ = {
			isa = PBXGroup;
			children = (
				4104B8D01AAF94AD004C7537 /* Info.plist */,
			);
			name = "Supporting Files";
			sourceTree = "<group>";
		};
		4104B8E41AAF94AD004C7537 /* AlgoTests */ = {
			isa = PBXGroup;
			children = (
				4104B8E71AAF94AD004C7537 /* AlgoTests.swift */,
				4104B8E51AAF94AD004C7537 /* Supporting Files */,
			);
			path = AlgoTests;
			sourceTree = "<group>";
		};
		4104B8E51AAF94AD004C7537 /* Supporting Files */ = {
			isa = PBXGroup;
			children = (
				4104B8E61AAF94AD004C7537 /* Info.plist */,
			);
			name = "Supporting Files";
			sourceTree = "<group>";
		};
		413F7F9C1AC4BCF600625C2A /* Views */ = {
			isa = PBXGroup;
			children = (
				413A30DB1AC94FF9006CF805 /* CollectionViewCell.swift */,
				4104B8F11AAF9504004C7537 /* ContainerView.swift */,
				4112BDF21AB0E76E0097B888 /* CircleView.swift */,
				41F401801AC56A7A009AFDDC /* PlayPauseButton.swift */,
				4153BDB01BA97621001B908A /* CollectionFooter.swift */,
			);
			name = Views;
			sourceTree = "<group>";
		};
		413F7F9D1AC4BD0100625C2A /* Helpers */ = {
			isa = PBXGroup;
			children = (
				415D032B1ABC2B95005812DB /* CircleAnimator.swift */,
				41F81E611AB8D5B40032729A /* Sort.swift */,
			);
			name = Helpers;
			sourceTree = "<group>";
		};
		413F7F9E1AC4BD0C00625C2A /* Storyboads */ = {
			isa = PBXGroup;
			children = (
				4104B8DA1AAF94AD004C7537 /* LaunchScreen.xib */,
				4104B8D51AAF94AD004C7537 /* Main.storyboard */,
			);
			name = Storyboads;
			sourceTree = "<group>";
		};
		4158FAAB1B273CA3003B98C5 /* Algo UI Tests */ = {
			isa = PBXGroup;
			children = (
				4158FAAC1B273CA3003B98C5 /* Algo_UI_Tests.swift */,
				4158FAAE1B273CA3003B98C5 /* Info.plist */,
			);
			path = "Algo UI Tests";
			sourceTree = "<group>";
		};
		416E884B1AC457210072F099 /* ViewControllers */ = {
			isa = PBXGroup;
			children = (
				4104B8D31AAF94AD004C7537 /* MainViewController.swift */,
			);
			name = ViewControllers;
			sourceTree = "<group>";
		};
/* End PBXGroup section */

/* Begin PBXNativeTarget section */
		4104B8CB1AAF94AD004C7537 /* Algo */ = {
			isa = PBXNativeTarget;
			buildConfigurationList = 4104B8EB1AAF94AD004C7537 /* Build configuration list for PBXNativeTarget "Algo" */;
			buildPhases = (
				4104B8C81AAF94AD004C7537 /* Sources */,
				4104B8C91AAF94AD004C7537 /* Frameworks */,
				4104B8CA1AAF94AD004C7537 /* Resources */,
			);
			buildRules = (
			);
			dependencies = (
			);
			name = Algo;
			productName = Algo;
			productReference = 4104B8CC1AAF94AD004C7537 /* Algo.app */;
			productType = "com.apple.product-type.application";
		};
		4104B8E01AAF94AD004C7537 /* AlgoTests */ = {
			isa = PBXNativeTarget;
			buildConfigurationList = 4104B8EE1AAF94AD004C7537 /* Build configuration list for PBXNativeTarget "AlgoTests" */;
			buildPhases = (
				4104B8DD1AAF94AD004C7537 /* Sources */,
				4104B8DE1AAF94AD004C7537 /* Frameworks */,
				4104B8DF1AAF94AD004C7537 /* Resources */,
			);
			buildRules = (
			);
			dependencies = (
				4104B8E31AAF94AD004C7537 /* PBXTargetDependency */,
			);
			name = AlgoTests;
			productName = AlgoTests;
			productReference = 4104B8E11AAF94AD004C7537 /* AlgoTests.xctest */;
			productType = "com.apple.product-type.bundle.unit-test";
		};
		4158FAA91B273CA3003B98C5 /* Algo UI Tests */ = {
			isa = PBXNativeTarget;
			buildConfigurationList = 4158FAB31B273CA3003B98C5 /* Build configuration list for PBXNativeTarget "Algo UI Tests" */;
			buildPhases = (
				4158FAA61B273CA3003B98C5 /* Sources */,
				4158FAA71B273CA3003B98C5 /* Frameworks */,
				4158FAA81B273CA3003B98C5 /* Resources */,
			);
			buildRules = (
			);
			dependencies = (
				4158FAB01B273CA3003B98C5 /* PBXTargetDependency */,
			);
			name = "Algo UI Tests";
			productName = "Algo UI Tests";
			productReference = 4158FAAA1B273CA3003B98C5 /* Algo UI Tests.xctest */;
			productType = "com.apple.product-type.bundle.ui-testing";
		};
/* End PBXNativeTarget section */

/* Begin PBXProject section */
		4104B8C41AAF94AD004C7537 /* Project object */ = {
			isa = PBXProject;
			attributes = {
				LastSwiftUpdateCheck = 0700;
				LastUpgradeCheck = 0700;
				ORGANIZATIONNAME = Conjure;
				TargetAttributes = {
					4104B8CB1AAF94AD004C7537 = {
						CreatedOnToolsVersion = 6.2;
					};
					4104B8E01AAF94AD004C7537 = {
						CreatedOnToolsVersion = 6.2;
						TestTargetID = 4104B8CB1AAF94AD004C7537;
					};
					4158FAA91B273CA3003B98C5 = {
						CreatedOnToolsVersion = 7.0;
						TestTargetID = 4104B8CB1AAF94AD004C7537;
					};
				};
			};
			buildConfigurationList = 4104B8C71AAF94AD004C7537 /* Build configuration list for PBXProject "Algo" */;
			compatibilityVersion = "Xcode 3.2";
			developmentRegion = English;
			hasScannedForEncodings = 0;
			knownRegions = (
				en,
				Base,
			);
			mainGroup = 4104B8C31AAF94AD004C7537;
			productRefGroup = 4104B8CD1AAF94AD004C7537 /* Products */;
			projectDirPath = "";
			projectRoot = "";
			targets = (
				4104B8CB1AAF94AD004C7537 /* Algo */,
				4104B8E01AAF94AD004C7537 /* AlgoTests */,
				4158FAA91B273CA3003B98C5 /* Algo UI Tests */,
			);
		};
/* End PBXProject section */

/* Begin PBXResourcesBuildPhase section */
		4104B8CA1AAF94AD004C7537 /* Resources */ = {
			isa = PBXResourcesBuildPhase;
			buildActionMask = 2147483647;
			files = (
				4104B8D71AAF94AD004C7537 /* Main.storyboard in Resources */,
				4104B8DC1AAF94AD004C7537 /* LaunchScreen.xib in Resources */,
				4104B8D91AAF94AD004C7537 /* Images.xcassets in Resources */,
			);
			runOnlyForDeploymentPostprocessing = 0;
		};
		4104B8DF1AAF94AD004C7537 /* Resources */ = {
			isa = PBXResourcesBuildPhase;
			buildActionMask = 2147483647;
			files = (
			);
			runOnlyForDeploymentPostprocessing = 0;
		};
		4158FAA81B273CA3003B98C5 /* Resources */ = {
			isa = PBXResourcesBuildPhase;
			buildActionMask = 2147483647;
			files = (
			);
			runOnlyForDeploymentPostprocessing = 0;
		};
/* End PBXResourcesBuildPhase section */

/* Begin PBXSourcesBuildPhase section */
		4104B8C81AAF94AD004C7537 /* Sources */ = {
			isa = PBXSourcesBuildPhase;
			buildActionMask = 2147483647;
			files = (
				4112BDF31AB0E76E0097B888 /* CircleView.swift in Sources */,
				41F81E621AB8D5B40032729A /* Sort.swift in Sources */,
				4104B8D41AAF94AD004C7537 /* MainViewController.swift in Sources */,
				4104B8D21AAF94AD004C7537 /* AppDelegate.swift in Sources */,
				41F401811AC56A7A009AFDDC /* PlayPauseButton.swift in Sources */,
				4153BDB11BA97621001B908A /* CollectionFooter.swift in Sources */,
				4104B8F21AAF9504004C7537 /* ContainerView.swift in Sources */,
				413A30DC1AC94FF9006CF805 /* CollectionViewCell.swift in Sources */,
				415D032C1ABC2B95005812DB /* CircleAnimator.swift in Sources */,
			);
			runOnlyForDeploymentPostprocessing = 0;
		};
		4104B8DD1AAF94AD004C7537 /* Sources */ = {
			isa = PBXSourcesBuildPhase;
			buildActionMask = 2147483647;
			files = (
				4104B8E81AAF94AD004C7537 /* AlgoTests.swift in Sources */,
				417C8F2C1B26EB200074ED4E /* Sort.swift in Sources */,
			);
			runOnlyForDeploymentPostprocessing = 0;
		};
		4158FAA61B273CA3003B98C5 /* Sources */ = {
			isa = PBXSourcesBuildPhase;
			buildActionMask = 2147483647;
			files = (
				4158FAAD1B273CA3003B98C5 /* Algo_UI_Tests.swift in Sources */,
			);
			runOnlyForDeploymentPostprocessing = 0;
		};
/* End PBXSourcesBuildPhase section */

/* Begin PBXTargetDependency section */
		4104B8E31AAF94AD004C7537 /* PBXTargetDependency */ = {
			isa = PBXTargetDependency;
			target = 4104B8CB1AAF94AD004C7537 /* Algo */;
			targetProxy = 4104B8E21AAF94AD004C7537 /* PBXContainerItemProxy */;
		};
		4158FAB01B273CA3003B98C5 /* PBXTargetDependency */ = {
			isa = PBXTargetDependency;
			target = 4104B8CB1AAF94AD004C7537 /* Algo */;
			targetProxy = 4158FAAF1B273CA3003B98C5 /* PBXContainerItemProxy */;
		};
/* End PBXTargetDependency section */

/* Begin PBXVariantGroup section */
		4104B8D51AAF94AD004C7537 /* Main.storyboard */ = {
			isa = PBXVariantGroup;
			children = (
				4104B8D61AAF94AD004C7537 /* Base */,
			);
			name = Main.storyboard;
			sourceTree = "<group>";
		};
		4104B8DA1AAF94AD004C7537 /* LaunchScreen.xib */ = {
			isa = PBXVariantGroup;
			children = (
				4104B8DB1AAF94AD004C7537 /* Base */,
			);
			name = LaunchScreen.xib;
			sourceTree = "<group>";
		};
/* End PBXVariantGroup section */

/* Begin XCBuildConfiguration section */
		4104B8E91AAF94AD004C7537 /* Debug */ = {
			isa = XCBuildConfiguration;
			buildSettings = {
				ALWAYS_SEARCH_USER_PATHS = NO;
				CLANG_CXX_LANGUAGE_STANDARD = "gnu++0x";
				CLANG_CXX_LIBRARY = "libc++";
				CLANG_ENABLE_MODULES = YES;
				CLANG_ENABLE_OBJC_ARC = YES;
				CLANG_WARN_BOOL_CONVERSION = YES;
				CLANG_WARN_CONSTANT_CONVERSION = YES;
				CLANG_WARN_DIRECT_OBJC_ISA_USAGE = YES_ERROR;
				CLANG_WARN_EMPTY_BODY = YES;
				CLANG_WARN_ENUM_CONVERSION = YES;
				CLANG_WARN_INT_CONVERSION = YES;
				CLANG_WARN_OBJC_ROOT_CLASS = YES_ERROR;
				CLANG_WARN_UNREACHABLE_CODE = YES;
				CLANG_WARN__DUPLICATE_METHOD_MATCH = YES;
				"CODE_SIGN_IDENTITY[sdk=iphoneos*]" = "iPhone Developer";
				COPY_PHASE_STRIP = NO;
				ENABLE_STRICT_OBJC_MSGSEND = YES;
				ENABLE_TESTABILITY = YES;
				GCC_C_LANGUAGE_STANDARD = gnu99;
				GCC_DYNAMIC_NO_PIC = NO;
				GCC_OPTIMIZATION_LEVEL = 0;
				GCC_PREPROCESSOR_DEFINITIONS = (
					"DEBUG=1",
					"$(inherited)",
				);
				GCC_SYMBOLS_PRIVATE_EXTERN = NO;
				GCC_WARN_64_TO_32_BIT_CONVERSION = YES;
				GCC_WARN_ABOUT_RETURN_TYPE = YES_ERROR;
				GCC_WARN_UNDECLARED_SELECTOR = YES;
				GCC_WARN_UNINITIALIZED_AUTOS = YES_AGGRESSIVE;
				GCC_WARN_UNUSED_FUNCTION = YES;
				GCC_WARN_UNUSED_VARIABLE = YES;
				IPHONEOS_DEPLOYMENT_TARGET = 8.2;
				MTL_ENABLE_DEBUG_INFO = YES;
				ONLY_ACTIVE_ARCH = YES;
				SDKROOT = iphoneos;
				SWIFT_OPTIMIZATION_LEVEL = "-Onone";
				TARGETED_DEVICE_FAMILY = "1,2";
			};
			name = Debug;
		};
		4104B8EA1AAF94AD004C7537 /* Release */ = {
			isa = XCBuildConfiguration;
			buildSettings = {
				ALWAYS_SEARCH_USER_PATHS = NO;
				CLANG_CXX_LANGUAGE_STANDARD = "gnu++0x";
				CLANG_CXX_LIBRARY = "libc++";
				CLANG_ENABLE_MODULES = YES;
				CLANG_ENABLE_OBJC_ARC = YES;
				CLANG_WARN_BOOL_CONVERSION = YES;
				CLANG_WARN_CONSTANT_CONVERSION = YES;
				CLANG_WARN_DIRECT_OBJC_ISA_USAGE = YES_ERROR;
				CLANG_WARN_EMPTY_BODY = YES;
				CLANG_WARN_ENUM_CONVERSION = YES;
				CLANG_WARN_INT_CONVERSION = YES;
				CLANG_WARN_OBJC_ROOT_CLASS = YES_ERROR;
				CLANG_WARN_UNREACHABLE_CODE = YES;
				CLANG_WARN__DUPLICATE_METHOD_MATCH = YES;
				"CODE_SIGN_IDENTITY[sdk=iphoneos*]" = "iPhone Developer";
				COPY_PHASE_STRIP = NO;
				ENABLE_NS_ASSERTIONS = NO;
				ENABLE_STRICT_OBJC_MSGSEND = YES;
				GCC_C_LANGUAGE_STANDARD = gnu99;
				GCC_WARN_64_TO_32_BIT_CONVERSION = YES;
				GCC_WARN_ABOUT_RETURN_TYPE = YES_ERROR;
				GCC_WARN_UNDECLARED_SELECTOR = YES;
				GCC_WARN_UNINITIALIZED_AUTOS = YES_AGGRESSIVE;
				GCC_WARN_UNUSED_FUNCTION = YES;
				GCC_WARN_UNUSED_VARIABLE = YES;
				IPHONEOS_DEPLOYMENT_TARGET = 8.2;
				MTL_ENABLE_DEBUG_INFO = NO;
				SDKROOT = iphoneos;
				TARGETED_DEVICE_FAMILY = "1,2";
				VALIDATE_PRODUCT = YES;
			};
			name = Release;
		};
		4104B8EC1AAF94AD004C7537 /* Debug */ = {
			isa = XCBuildConfiguration;
			buildSettings = {
				ASSETCATALOG_COMPILER_APPICON_NAME = AppIcon;
				CLANG_ENABLE_MODULES = YES;
				INFOPLIST_FILE = Algo/Info.plist;
				LD_RUNPATH_SEARCH_PATHS = "$(inherited) @executable_path/Frameworks";
				PRODUCT_BUNDLE_IDENTIFIER = "uk.co.conjure.$(PRODUCT_NAME:rfc1034identifier)";
				PRODUCT_NAME = "$(TARGET_NAME)";
				SWIFT_OBJC_BRIDGING_HEADER = "";
				SWIFT_OPTIMIZATION_LEVEL = "-Onone";
				TARGETED_DEVICE_FAMILY = 2;
			};
			name = Debug;
		};
		4104B8ED1AAF94AD004C7537 /* Release */ = {
			isa = XCBuildConfiguration;
			buildSettings = {
				ASSETCATALOG_COMPILER_APPICON_NAME = AppIcon;
				CLANG_ENABLE_MODULES = YES;
				INFOPLIST_FILE = Algo/Info.plist;
				LD_RUNPATH_SEARCH_PATHS = "$(inherited) @executable_path/Frameworks";
				PRODUCT_BUNDLE_IDENTIFIER = "uk.co.conjure.$(PRODUCT_NAME:rfc1034identifier)";
				PRODUCT_NAME = "$(TARGET_NAME)";
				SWIFT_OBJC_BRIDGING_HEADER = "";
				TARGETED_DEVICE_FAMILY = 2;
			};
			name = Release;
		};
		4104B8EF1AAF94AD004C7537 /* Debug */ = {
			isa = XCBuildConfiguration;
			buildSettings = {
				BUNDLE_LOADER = "$(TEST_HOST)";
				FRAMEWORK_SEARCH_PATHS = (
					"$(SDKROOT)/Developer/Library/Frameworks",
					"$(inherited)",
				);
				GCC_PREPROCESSOR_DEFINITIONS = (
					"DEBUG=1",
					"$(inherited)",
				);
				INFOPLIST_FILE = AlgoTests/Info.plist;
				LD_RUNPATH_SEARCH_PATHS = "$(inherited) @executable_path/Frameworks @loader_path/Frameworks";
				PRODUCT_BUNDLE_IDENTIFIER = "uk.co.conjure.$(PRODUCT_NAME:rfc1034identifier)";
				PRODUCT_NAME = "$(TARGET_NAME)";
				TEST_HOST = "$(BUILT_PRODUCTS_DIR)/Algo.app/Algo";
			};
			name = Debug;
		};
		4104B8F01AAF94AD004C7537 /* Release */ = {
			isa = XCBuildConfiguration;
			buildSettings = {
				BUNDLE_LOADER = "$(TEST_HOST)";
				FRAMEWORK_SEARCH_PATHS = (
					"$(SDKROOT)/Developer/Library/Frameworks",
					"$(inherited)",
				);
				INFOPLIST_FILE = AlgoTests/Info.plist;
				LD_RUNPATH_SEARCH_PATHS = "$(inherited) @executable_path/Frameworks @loader_path/Frameworks";
				PRODUCT_BUNDLE_IDENTIFIER = "uk.co.conjure.$(PRODUCT_NAME:rfc1034identifier)";
				PRODUCT_NAME = "$(TARGET_NAME)";
				TEST_HOST = "$(BUILT_PRODUCTS_DIR)/Algo.app/Algo";
			};
			name = Release;
		};
		4158FAB11B273CA3003B98C5 /* Debug */ = {
			isa = XCBuildConfiguration;
			buildSettings = {
				DEBUG_INFORMATION_FORMAT = dwarf;
				GCC_NO_COMMON_BLOCKS = YES;
				INFOPLIST_FILE = "Algo UI Tests/Info.plist";
				IPHONEOS_DEPLOYMENT_TARGET = 9.0;
				LD_RUNPATH_SEARCH_PATHS = "$(inherited) @executable_path/Frameworks @loader_path/Frameworks";
				PRODUCT_BUNDLE_IDENTIFIER = "uk.co.conjure.Algo-UI-Tests";
				PRODUCT_NAME = "$(TARGET_NAME)";
				TEST_TARGET_NAME = Algo;
				USES_XCTRUNNER = YES;
			};
			name = Debug;
		};
		4158FAB21B273CA3003B98C5 /* Release */ = {
			isa = XCBuildConfiguration;
			buildSettings = {
				DEBUG_INFORMATION_FORMAT = "dwarf-with-dsym";
				GCC_NO_COMMON_BLOCKS = YES;
				INFOPLIST_FILE = "Algo UI Tests/Info.plist";
				IPHONEOS_DEPLOYMENT_TARGET = 9.0;
				LD_RUNPATH_SEARCH_PATHS = "$(inherited) @executable_path/Frameworks @loader_path/Frameworks";
				PRODUCT_BUNDLE_IDENTIFIER = "uk.co.conjure.Algo-UI-Tests";
				PRODUCT_NAME = "$(TARGET_NAME)";
				TEST_TARGET_NAME = Algo;
				USES_XCTRUNNER = YES;
			};
			name = Release;
		};
/* End XCBuildConfiguration section */

/* Begin XCConfigurationList section */
		4104B8C71AAF94AD004C7537 /* Build configuration list for PBXProject "Algo" */ = {
			isa = XCConfigurationList;
			buildConfigurations = (
				4104B8E91AAF94AD004C7537 /* Debug */,
				4104B8EA1AAF94AD004C7537 /* Release */,
			);
			defaultConfigurationIsVisible = 0;
			defaultConfigurationName = Release;
		};
		4104B8EB1AAF94AD004C7537 /* Build configuration list for PBXNativeTarget "Algo" */ = {
			isa = XCConfigurationList;
			buildConfigurations = (
				4104B8EC1AAF94AD004C7537 /* Debug */,
				4104B8ED1AAF94AD004C7537 /* Release */,
			);
			defaultConfigurationIsVisible = 0;
			defaultConfigurationName = Release;
		};
		4104B8EE1AAF94AD004C7537 /* Build configuration list for PBXNativeTarget "AlgoTests" */ = {
			isa = XCConfigurationList;
			buildConfigurations = (
				4104B8EF1AAF94AD004C7537 /* Debug */,
				4104B8F01AAF94AD004C7537 /* Release */,
			);
			defaultConfigurationIsVisible = 0;
			defaultConfigurationName = Release;
		};
		4158FAB31B273CA3003B98C5 /* Build configuration list for PBXNativeTarget "Algo UI Tests" */ = {
			isa = XCConfigurationList;
			buildConfigurations = (
				4158FAB11B273CA3003B98C5 /* Debug */,
				4158FAB21B273CA3003B98C5 /* Release */,
			);
			defaultConfigurationIsVisible = 0;
			defaultConfigurationName = Release;
		};
/* End XCConfigurationList section */
	};
	rootObject = 4104B8C41AAF94AD004C7537 /* Project object */;
}
